
Microsoft Visual Studio Solution File, Format Version 12.00
# Visual Studio 2013
VisualStudioVersion = 12.0.31101.0
MinimumVisualStudioVersion = 10.0.40219.1
Project("{9092AA53-FB77-4645-B42D-1CCCA6BD08BD}") = "nodeformvs2013", "nodeformvs2013\nodeformvs2013.njsproj", "{103C5199-7816-4198-9F20-30F659A0C9C0}"
EndProject
Project("{FAE04EC0-301F-11D3-BF4B-00C04F79EFBC}") = "MyFirstNUnit", "MyFirstNUnit\MyFirstNUnit.csproj", "{0330F1B9-0EAC-4458-82A5-CEDC4AACD8A5}"
EndProject
Global
	GlobalSection(SolutionConfigurationPlatforms) = preSolution
		Debug|Any CPU = Debug|Any CPU
		Release|Any CPU = Release|Any CPU
	EndGlobalSection
	GlobalSection(ProjectConfigurationPlatforms) = postSolution
		{103C5199-7816-4198-9F20-30F659A0C9C0}.Debug|Any CPU.ActiveCfg = Debug|Any CPU
		{103C5199-7816-4198-9F20-30F659A0C9C0}.Debug|Any CPU.Build.0 = Debug|Any CPU
		{103C5199-7816-4198-9F20-30F659A0C9C0}.Release|Any CPU.ActiveCfg = Release|Any CPU
		{103C5199-7816-4198-9F20-30F659A0C9C0}.Release|Any CPU.Build.0 = Release|Any CPU
		{0330F1B9-0EAC-4458-82A5-CEDC4AACD8A5}.Debug|Any CPU.ActiveCfg = Debug|Any CPU
		{0330F1B9-0EAC-4458-82A5-CEDC4AACD8A5}.Debug|Any CPU.Build.0 = Debug|Any CPU
		{0330F1B9-0EAC-4458-82A5-CEDC4AACD8A5}.Release|Any CPU.ActiveCfg = Release|Any CPU
		{0330F1B9-0EAC-4458-82A5-CEDC4AACD8A5}.Release|Any CPU.Build.0 = Release|Any CPU
	EndGlobalSection
	GlobalSection(SolutionProperties) = preSolution
		HideSolutionNode = FALSE
	EndGlobalSection
EndGlobal
